
Microsoft Visual Studio Solution File, Format Version 12.00
# Visual Studio Version 17
VisualStudioVersion = 17.1.32421.90
MinimumVisualStudioVersion = 10.0.40219.1
Project("{FAE04EC0-301F-11D3-BF4B-00C04F79EFBC}") = "JwtApı", "JwtApı\JwtApı.csproj", "{FE34A98E-EF78-42C5-B61C-97E0EEA83CDB}"
EndProject
Project("{FAE04EC0-301F-11D3-BF4B-00C04F79EFBC}") = "TestProject1", "TestProject1\TestProject1.csproj", "{3BCF250F-3E4D-47FA-8726-42B2D8C6181B}"
EndProject
Global
	GlobalSection(SolutionConfigurationPlatforms) = preSolution
		Debug|Any CPU = Debug|Any CPU
		Release|Any CPU = Release|Any CPU
	EndGlobalSection
	GlobalSection(ProjectConfigurationPlatforms) = postSolution
		{FE34A98E-EF78-42C5-B61C-97E0EEA83CDB}.Debug|Any CPU.ActiveCfg = Debug|Any CPU
		{FE34A98E-EF78-42C5-B61C-97E0EEA83CDB}.Debug|Any CPU.Build.0 = Debug|Any CPU
		{FE34A98E-EF78-42C5-B61C-97E0EEA83CDB}.Release|Any CPU.ActiveCfg = Release|Any CPU
		{FE34A98E-EF78-42C5-B61C-97E0EEA83CDB}.Release|Any CPU.Build.0 = Release|Any CPU
		{3BCF250F-3E4D-47FA-8726-42B2D8C6181B}.Debug|Any CPU.ActiveCfg = Debug|Any CPU
		{3BCF250F-3E4D-47FA-8726-42B2D8C6181B}.Debug|Any CPU.Build.0 = Debug|Any CPU
		{3BCF250F-3E4D-47FA-8726-42B2D8C6181B}.Release|Any CPU.ActiveCfg = Release|Any CPU
		{3BCF250F-3E4D-47FA-8726-42B2D8C6181B}.Release|Any CPU.Build.0 = Release|Any CPU
	EndGlobalSection
	GlobalSection(SolutionProperties) = preSolution
		HideSolutionNode = FALSE
	EndGlobalSection
	GlobalSection(ExtensibilityGlobals) = postSolution
		SolutionGuid = {18FE4C72-4988-4BB0-8C69-2E43F02C99A2}
	EndGlobalSection
EndGlobal
